PODS:
  - GiniPayApiLib (0.1.0):
    - GiniPayApiLib/DocumentsAPI (= 0.1.0)
  - GiniPayApiLib/DocumentsAPI (0.1.0)
  - GiniPayApiLib/Pinning (0.1.0):
    - GiniPayApiLib/DocumentsAPI
    - TrustKit (~> 1.6)
  - GiniPayApiLib/Tests (0.1.0)
  - TrustKit (1.6.5)

DEPENDENCIES:
  - GiniPayApiLib (from `../`)
  - GiniPayApiLib/DocumentsAPI (from `../`)
  - GiniPayApiLib/Pinning (from `../`)
  - GiniPayApiLib/Tests (from `../`)

SPEC REPOS:
  trunk:
    - TrustKit

EXTERNAL SOURCES:
  GiniPayApiLib:
    :path: "../"

SPEC CHECKSUMS:
  GiniPayApiLib: ea47d4c48131d56d3075c3dc3202ff922a1e8743
  TrustKit: 073855e3adecd317417bda4ac9e9ac54a2e3b9f2

PODFILE CHECKSUM: 2911890865d145ef4607b4a7756426497dc2ea98

COCOAPODS: 1.10.1
