PODS:
  - GiniPayApiLib (1.0.2):
    - GiniPayApiLib/DocumentsAPI (= 1.0.2)
  - GiniPayApiLib/DocumentsAPI (1.0.2)
  - GiniPayApiLib/Pinning (1.0.2):
    - GiniPayApiLib/DocumentsAPI
    - TrustKit (~> 1.6)
  - GiniPayApiLib/Tests (1.0.2)
  - TrustKit (1.6.5)

DEPENDENCIES:
  - GiniPayApiLib (from `../`)
  - GiniPayApiLib/DocumentsAPI (from `../`)
  - GiniPayApiLib/Pinning (from `../`)
  - GiniPayApiLib/Tests (from `../`)

SPEC REPOS:
  trunk:
    - TrustKit

EXTERNAL SOURCES:
  GiniPayApiLib:
    :path: "../"

SPEC CHECKSUMS:
  GiniPayApiLib: e3a13cd43bb747b38fb1d0e976238237ddab2e8e
  TrustKit: 073855e3adecd317417bda4ac9e9ac54a2e3b9f2

PODFILE CHECKSUM: 2911890865d145ef4607b4a7756426497dc2ea98

COCOAPODS: 1.10.1
