PODS:
  - GiniPayApiLib (1.0.0):
    - GiniPayApiLib/DocumentsAPI (= 1.0.0)
  - GiniPayApiLib/DocumentsAPI (1.0.0)
  - GiniPayApiLib/Pinning (1.0.0):
    - GiniPayApiLib/DocumentsAPI
    - TrustKit (~> 1.6)
  - GiniPayApiLib/Tests (1.0.0)
  - TrustKit (1.6.5)

DEPENDENCIES:
  - GiniPayApiLib (from `../`)
  - GiniPayApiLib/DocumentsAPI (from `../`)
  - GiniPayApiLib/Pinning (from `../`)
  - GiniPayApiLib/Tests (from `../`)

SPEC REPOS:
  trunk:
    - TrustKit

EXTERNAL SOURCES:
  GiniPayApiLib:
    :path: "../"

SPEC CHECKSUMS:
  GiniPayApiLib: f9bd47f008000c30aa771993a1b6fa6d68b879f8
  TrustKit: 073855e3adecd317417bda4ac9e9ac54a2e3b9f2

PODFILE CHECKSUM: 2911890865d145ef4607b4a7756426497dc2ea98

COCOAPODS: 1.10.1
